
Microsoft Visual Studio Solution File, Format Version 12.00
# Visual Studio Version 16
VisualStudioVersion = 16.0.32126.315
MinimumVisualStudioVersion = 10.0.40219.1
Project("{FAE04EC0-301F-11D3-BF4B-00C04F79EFBC}") = "ChargingCabinet.Application", "ChargingCabinet.Application\ChargingCabinet.Application.csproj", "{8799CDB0-00DC-4231-B249-24BD820327F1}"
EndProject
Project("{FAE04EC0-301F-11D3-BF4B-00C04F79EFBC}") = "ChargingCabinet.Library", "ChargingCabinet.Library\ChargingCabinet.Library.csproj", "{027BBDE6-1160-4B21-AC30-E55736A82476}"
EndProject
Project("{FAE04EC0-301F-11D3-BF4B-00C04F79EFBC}") = "ChargingCabinet.Test", "ChargingCabinet.Test\ChargingCabinet.Test.csproj", "{51FC5B84-FC54-431B-9B5C-02B316B05BC2}"
EndProject
Global
	GlobalSection(SolutionConfigurationPlatforms) = preSolution
		Debug|Any CPU = Debug|Any CPU
		Release|Any CPU = Release|Any CPU
	EndGlobalSection
	GlobalSection(ProjectConfigurationPlatforms) = postSolution
		{8799CDB0-00DC-4231-B249-24BD820327F1}.Debug|Any CPU.ActiveCfg = Debug|Any CPU
		{8799CDB0-00DC-4231-B249-24BD820327F1}.Debug|Any CPU.Build.0 = Debug|Any CPU
		{8799CDB0-00DC-4231-B249-24BD820327F1}.Release|Any CPU.ActiveCfg = Release|Any CPU
		{8799CDB0-00DC-4231-B249-24BD820327F1}.Release|Any CPU.Build.0 = Release|Any CPU
		{027BBDE6-1160-4B21-AC30-E55736A82476}.Debug|Any CPU.ActiveCfg = Debug|Any CPU
		{027BBDE6-1160-4B21-AC30-E55736A82476}.Debug|Any CPU.Build.0 = Debug|Any CPU
		{027BBDE6-1160-4B21-AC30-E55736A82476}.Release|Any CPU.ActiveCfg = Release|Any CPU
		{027BBDE6-1160-4B21-AC30-E55736A82476}.Release|Any CPU.Build.0 = Release|Any CPU
		{51FC5B84-FC54-431B-9B5C-02B316B05BC2}.Debug|Any CPU.ActiveCfg = Debug|Any CPU
		{51FC5B84-FC54-431B-9B5C-02B316B05BC2}.Debug|Any CPU.Build.0 = Debug|Any CPU
		{51FC5B84-FC54-431B-9B5C-02B316B05BC2}.Release|Any CPU.ActiveCfg = Release|Any CPU
		{51FC5B84-FC54-431B-9B5C-02B316B05BC2}.Release|Any CPU.Build.0 = Release|Any CPU
	EndGlobalSection
	GlobalSection(SolutionProperties) = preSolution
		HideSolutionNode = FALSE
	EndGlobalSection
	GlobalSection(ExtensibilityGlobals) = postSolution
		SolutionGuid = {B39ABCE6-4764-43B5-9ED3-33C3D13594F8}
	EndGlobalSection
EndGlobal
